# This file is generated by running "yarn install" inside your project.
# Manual changes might be lost - proceed with caution!

__metadata:
  version: 8
  cacheKey: 10c0

"@babel/runtime@npm:^7.23.2":
  version: 7.27.1
  resolution: "@babel/runtime@npm:7.27.1"
  checksum: 10c0/530a7332f86ac5a7442250456823a930906911d895c0b743bf1852efc88a20a016ed4cd26d442d0ca40ae6d5448111e02a08dd638a4f1064b47d080e2875dc05
  languageName: node
  linkType: hard

"@mapbox/geojson-area@npm:^0.2.2":
  version: 0.2.2
  resolution: "@mapbox/geojson-area@npm:0.2.2"
  dependencies:
    wgs84: "npm:0.0.0"
  checksum: 10c0/46a85e14877bbd24486f4352810b2d078ce072f4a81120b9481eb967334e5cc9d2c5ae8b2ddab2dfbe1c0822b18758b39f078339b43a18754ef514a32e95fb1c
  languageName: node
  linkType: hard

"@mapbox/geojson-normalize@npm:^0.0.1":
  version: 0.0.1
  resolution: "@mapbox/geojson-normalize@npm:0.0.1"
  bin:
    geojson-normalize: geojson-normalize
  checksum: 10c0/c51e7fa1462a9152493e2b639ce0b50d4c59ed8615f79c6be509312e4db2f29741cae50ecba1b8e290ce50c50f00c892039df3a5306d15712e51a6a28fcd4ecf
  languageName: node
  linkType: hard

"@mapbox/geojson-rewind@npm:^0.5.2":
  version: 0.5.2
  resolution: "@mapbox/geojson-rewind@npm:0.5.2"
  dependencies:
    get-stream: "npm:^6.0.1"
    minimist: "npm:^1.2.6"
  bin:
    geojson-rewind: geojson-rewind
  checksum: 10c0/631f89ba5b656cb1e02197c242b231f98da0afb96815fa26481497176d6bd5f2aac77af4950da91c954094694acbc26382bd3d38146705737e8ff06442d95a12
  languageName: node
  linkType: hard

"@mapbox/geojson-types@npm:^1.0.2":
  version: 1.0.2
  resolution: "@mapbox/geojson-types@npm:1.0.2"
  checksum: 10c0/aa0a2cb95a358d8756ab5aa70356bcbd6f554a4571703a88a09e7db6580061d6ef4054db5fe3ecb2817c383b8b5433746a8f46712dc606b32063f73b154f99fc
  languageName: node
  linkType: hard

"@mapbox/jsonlint-lines-primitives@npm:^2.0.2":
  version: 2.0.2
  resolution: "@mapbox/jsonlint-lines-primitives@npm:2.0.2"
  checksum: 10c0/5814e42fc453700132f93ea742aabcef9a3c98d9bf17d4c1106f82d1dcd91bbc93052e66e29014323b9b2a41b020c743d897e4a96cc4ed2f734482d587d8c2b2
  languageName: node
  linkType: hard

"@mapbox/mapbox-gl-draw@npm:^1.4.2":
  version: 1.5.0
  resolution: "@mapbox/mapbox-gl-draw@npm:1.5.0"
  dependencies:
    "@mapbox/geojson-area": "npm:^0.2.2"
    "@mapbox/geojson-normalize": "npm:^0.0.1"
    "@mapbox/point-geometry": "npm:^1.1.0"
    fast-deep-equal: "npm:^3.1.3"
    nanoid: "npm:^5.0.9"
  checksum: 10c0/435e55979ac7b198342568145cdd7c935a75e73f316bcb60ec89663731037c076abd030f129ee1f294a83fbd172c13d8db81666b88fe427c0846ba1574eff472
  languageName: node
  linkType: hard

"@mapbox/mapbox-gl-supported@npm:^1.5.0":
  version: 1.5.0
  resolution: "@mapbox/mapbox-gl-supported@npm:1.5.0"
  peerDependencies:
    mapbox-gl: ">=0.32.1 <2.0.0"
  checksum: 10c0/5b7712e8b546e598dc5152632504cad53081211b64ddc4447825840ddca703275bc36599167b9550ab906ca8a9554936bcdae562073fdef24b8d38d78ee262fb
  languageName: node
  linkType: hard

"@mapbox/point-geometry@npm:0.1.0, @mapbox/point-geometry@npm:^0.1.0, @mapbox/point-geometry@npm:~0.1.0":
  version: 0.1.0
  resolution: "@mapbox/point-geometry@npm:0.1.0"
  checksum: 10c0/e4d861908574cb3165f5ad37b000416ebc90a2d6b3e0073191e6b6dc5074a6159d84ac5114d78557399bb429134f0d05bfb529e7902d1cb2b36d722b72ab662c
  languageName: node
  linkType: hard

"@mapbox/point-geometry@npm:^1.1.0":
  version: 1.1.0
  resolution: "@mapbox/point-geometry@npm:1.1.0"
  checksum: 10c0/fe43d00a92592a28835090722df771be50182ff5fc40705cbd571534e2397beef884a97f701869b4a99a61289700cf709f588883f4b085c034bbe722cf17155d
  languageName: node
  linkType: hard

"@mapbox/tiny-sdf@npm:^1.1.1":
  version: 1.2.5
  resolution: "@mapbox/tiny-sdf@npm:1.2.5"
  checksum: 10c0/de0252388a628ddb491c986c715f0b63ca6a74f5dac16d3e51eb75a21935a31e34fba5db47c81cc59a462d782021fc68b2e3cc119b2d6cabe15d31e311674d6c
  languageName: node
  linkType: hard

"@mapbox/unitbezier@npm:^0.0.0":
  version: 0.0.0
  resolution: "@mapbox/unitbezier@npm:0.0.0"
  checksum: 10c0/af1943ebeb7532317a5cedfc38d0e580b7bd76cc5c43988df65541d377f3e3fa7d68c201dda20f5239213a4bc81ec5d13146354107196ffc4f14d6f39b8343b5
  languageName: node
  linkType: hard

"@mapbox/vector-tile@npm:^1.3.1":
  version: 1.3.1
  resolution: "@mapbox/vector-tile@npm:1.3.1"
  dependencies:
    "@mapbox/point-geometry": "npm:~0.1.0"
  checksum: 10c0/ffb271b95c383923768295e72bdf95e428efb906434b864ea04d3853a8373cf0de19f039bd6615f7cf018fbfb4dbf4599f27ebaa86c2b7b09f7d69187f8d7da1
  languageName: node
  linkType: hard

"@mapbox/whoots-js@npm:^3.1.0":
  version: 3.1.0
  resolution: "@mapbox/whoots-js@npm:3.1.0"
  checksum: 10c0/fe9e959a9049bcbc2c05d9d1156e050191ad697a1bd95e41cdfa069051ff1d6f2930ced234a8d68d5a0bf78091feab30d76497418ec800d90f0aac8691fe4fd4
  languageName: node
  linkType: hard

"@remirror/core-constants@npm:3.0.0":
  version: 3.0.0
  resolution: "@remirror/core-constants@npm:3.0.0"
  checksum: 10c0/15909dd00a2d90cf1f65583bb03ff97c27bb3ec3e22467cdaec3e9cfdae50c687d044df342b985a951d28306cc94cf9188bf7742c7a811ebbb62fd9c5a16ed44
  languageName: node
  linkType: hard

"@tiptap/pm@npm:^2.12.0":
  version: 2.12.0
  resolution: "@tiptap/pm@npm:2.12.0"
  dependencies:
    prosemirror-changeset: "npm:^2.3.0"
    prosemirror-collab: "npm:^1.3.1"
    prosemirror-commands: "npm:^1.6.2"
    prosemirror-dropcursor: "npm:^1.8.1"
    prosemirror-gapcursor: "npm:^1.3.2"
    prosemirror-history: "npm:^1.4.1"
    prosemirror-inputrules: "npm:^1.4.0"
    prosemirror-keymap: "npm:^1.2.2"
    prosemirror-markdown: "npm:^1.13.1"
    prosemirror-menu: "npm:^1.2.4"
    prosemirror-model: "npm:^1.23.0"
    prosemirror-schema-basic: "npm:^1.2.3"
    prosemirror-schema-list: "npm:^1.4.1"
    prosemirror-state: "npm:^1.4.3"
    prosemirror-tables: "npm:^1.6.4"
    prosemirror-trailing-node: "npm:^3.0.0"
    prosemirror-transform: "npm:^1.10.2"
    prosemirror-view: "npm:^1.37.0"
  checksum: 10c0/b64b19a627a74901c5c397d36c04162b8e223835f4d8ea1ce71be4b222337434e6553699189d1e0ae856ba60a06c8b28bb30ff9e21cfc05dac8a3ec2f6376fde
  languageName: node
  linkType: hard

"@types/linkify-it@npm:^5":
  version: 5.0.0
  resolution: "@types/linkify-it@npm:5.0.0"
  checksum: 10c0/7bbbf45b9dde17bf3f184fee585aef0e7342f6954f0377a24e4ff42ab5a85d5b806aaa5c8d16e2faf2a6b87b2d94467a196b7d2b85c9c7de2f0eaac5487aaab8
  languageName: node
  linkType: hard

"@types/markdown-it@npm:^14.0.0":
  version: 14.1.2
  resolution: "@types/markdown-it@npm:14.1.2"
  dependencies:
    "@types/linkify-it": "npm:^5"
    "@types/mdurl": "npm:^2"
  checksum: 10c0/34f709f0476bd4e7b2ba7c3341072a6d532f1f4cb6f70aef371e403af8a08a7c372ba6907ac426bc618d356dab660c5b872791ff6c1ead80c483e0d639c6f127
  languageName: node
  linkType: hard

"@types/mdurl@npm:^2":
  version: 2.0.0
  resolution: "@types/mdurl@npm:2.0.0"
  checksum: 10c0/cde7bb571630ed1ceb3b92a28f7b59890bb38b8f34cd35326e2df43eebfc74985e6aa6fd4184e307393bad8a9e0783a519a3f9d13c8e03788c0f98e5ec869c5e
  languageName: node
  linkType: hard

"argparse@npm:^2.0.1":
  version: 2.0.1
  resolution: "argparse@npm:2.0.1"
  checksum: 10c0/c5640c2d89045371c7cedd6a70212a04e360fd34d6edeae32f6952c63949e3525ea77dbec0289d8213a99bbaeab5abfa860b5c12cf88a2e6cf8106e90dd27a7e
  languageName: node
  linkType: hard

"crelt@npm:^1.0.0":
  version: 1.0.6
  resolution: "crelt@npm:1.0.6"
  checksum: 10c0/e0fb76dff50c5eb47f2ea9b786c17f9425c66276025adee80876bdbf4a84ab72e899e56d3928431ab0cb057a105ef704df80fe5726ef0f7b1658f815521bdf09
  languageName: node
  linkType: hard

"csscolorparser@npm:~1.0.3":
  version: 1.0.3
  resolution: "csscolorparser@npm:1.0.3"
  checksum: 10c0/57b30e1dd3e639fb74d63d3ee5a078ae6d0aaba26bc731fdec1a0f50fd77c2531a1fca2bbe07c18e0569255f92064cda0747e0115955fdb8c037332798ca634f
  languageName: node
  linkType: hard

"earcut@npm:^2.2.2":
  version: 2.2.4
  resolution: "earcut@npm:2.2.4"
  checksum: 10c0/01ca51830edd2787819f904ae580087d37351f6048b4565e7add4b3da8a86b7bc19262ab2aa7fdc64129ab03af2d9cec8cccee4d230c82275f97ef285c79aafb
  languageName: node
  linkType: hard

"entities@npm:^4.4.0":
  version: 4.5.0
  resolution: "entities@npm:4.5.0"
  checksum: 10c0/5b039739f7621f5d1ad996715e53d964035f75ad3b9a4d38c6b3804bb226e282ffeae2443624d8fdd9c47d8e926ae9ac009c54671243f0c3294c26af7cc85250
  languageName: node
  linkType: hard

"escape-string-regexp@npm:^4.0.0":
  version: 4.0.0
  resolution: "escape-string-regexp@npm:4.0.0"
  checksum: 10c0/9497d4dd307d845bd7f75180d8188bb17ea8c151c1edbf6b6717c100e104d629dc2dfb687686181b0f4b7d732c7dfdc4d5e7a8ff72de1b0ca283a75bbb3a9cd9
  languageName: node
  linkType: hard

"fast-deep-equal@npm:^3.1.3":
  version: 3.1.3
  resolution: "fast-deep-equal@npm:3.1.3"
  checksum: 10c0/40dedc862eb8992c54579c66d914635afbec43350afbbe991235fdcb4e3a8d5af1b23ae7e79bef7d4882d0ecee06c3197488026998fb19f72dc95acff1d1b1d0
  languageName: node
  linkType: hard

"geojson-vt@npm:^3.2.1":
  version: 3.2.1
  resolution: "geojson-vt@npm:3.2.1"
  checksum: 10c0/db2fc1a452067ee8436fa86e5a138f6ebd3d64893e0af097bc1cc960ec63d67c0ce77444711e9583036192d6bf9ce754bf9b56a76789684fc0fea4d52321fffc
  languageName: node
  linkType: hard

"get-stream@npm:^6.0.1":
  version: 6.0.1
  resolution: "get-stream@npm:6.0.1"
  checksum: 10c0/49825d57d3fd6964228e6200a58169464b8e8970489b3acdc24906c782fb7f01f9f56f8e6653c4a50713771d6658f7cfe051e5eb8c12e334138c9c918b296341
  languageName: node
  linkType: hard

"gl-matrix@npm:^3.2.1":
  version: 3.4.3
  resolution: "gl-matrix@npm:3.4.3"
  checksum: 10c0/c8ee6e2ce2d089b4ba4ae13ec9d4cb99bf2abe5f68f0cb08d94bbd8bafbec13aacc7230b86539ce5ca01b79226ea8c3194f971f5ca0c81838bc5e4e619dc398e
  languageName: node
  linkType: hard

"grid-index@npm:^1.1.0":
  version: 1.1.0
  resolution: "grid-index@npm:1.1.0"
  checksum: 10c0/0ba2a622a52badc86642a002abee79b48c207092347e869528253e634573b9b55494db649fbd1779122d797aaa3b59e284023a96a7a5c666c7375f0e320f8f57
  languageName: node
  linkType: hard

"i18next@npm:^23.11.5":
  version: 23.16.8
  resolution: "i18next@npm:23.16.8"
  dependencies:
    "@babel/runtime": "npm:^7.23.2"
  checksum: 10c0/57d249191e8a39bbbbe190cfa2e2bb651d0198e14444fe80453d3df8d02927de3c147c77724e9ae6c72fa241898cd761e3fdcd55d053db373471f1ac084bf345
  languageName: node
  linkType: hard

"ieee754@npm:^1.1.12":
  version: 1.2.1
  resolution: "ieee754@npm:1.2.1"
  checksum: 10c0/b0782ef5e0935b9f12883a2e2aa37baa75da6e66ce6515c168697b42160807d9330de9a32ec1ed73149aea02e0d822e572bca6f1e22bdcbd2149e13b050b17bb
  languageName: node
  linkType: hard

"kdbush@npm:^3.0.0":
  version: 3.0.0
  resolution: "kdbush@npm:3.0.0"
  checksum: 10c0/3fc8795870bd04f60627e7345b26fd0644beb91bc4164912c9d9378b39c674ba01c31db68ecaf6266d51c9ad81bf5b770b7effa51eeee37553d38293a094a686
  languageName: node
  linkType: hard

"linkify-it@npm:^5.0.0":
  version: 5.0.0
  resolution: "linkify-it@npm:5.0.0"
  dependencies:
    uc.micro: "npm:^2.0.0"
  checksum: 10c0/ff4abbcdfa2003472fc3eb4b8e60905ec97718e11e33cca52059919a4c80cc0e0c2a14d23e23d8c00e5402bc5a885cdba8ca053a11483ab3cc8b3c7a52f88e2d
  languageName: node
  linkType: hard

"mapbox-gl@npm:^1.13.3":
  version: 1.13.3
  resolution: "mapbox-gl@npm:1.13.3"
  dependencies:
    "@mapbox/geojson-rewind": "npm:^0.5.2"
    "@mapbox/geojson-types": "npm:^1.0.2"
    "@mapbox/jsonlint-lines-primitives": "npm:^2.0.2"
    "@mapbox/mapbox-gl-supported": "npm:^1.5.0"
    "@mapbox/point-geometry": "npm:^0.1.0"
    "@mapbox/tiny-sdf": "npm:^1.1.1"
    "@mapbox/unitbezier": "npm:^0.0.0"
    "@mapbox/vector-tile": "npm:^1.3.1"
    "@mapbox/whoots-js": "npm:^3.1.0"
    csscolorparser: "npm:~1.0.3"
    earcut: "npm:^2.2.2"
    geojson-vt: "npm:^3.2.1"
    gl-matrix: "npm:^3.2.1"
    grid-index: "npm:^1.1.0"
    murmurhash-js: "npm:^1.0.0"
    pbf: "npm:^3.2.1"
    potpack: "npm:^1.0.1"
    quickselect: "npm:^2.0.0"
    rw: "npm:^1.3.3"
    supercluster: "npm:^7.1.0"
    tinyqueue: "npm:^2.0.3"
    vt-pbf: "npm:^3.1.1"
  checksum: 10c0/82bf86daa69e068d4138c4e5a1dbfc2a28c6d0e2cc142ef96d3ce671770e8173d3ffd62e6614b3606f932f99b40eb4dfc52d5f44c48dabd393ba27b61d9e50c4
  languageName: node
  linkType: hard

"markdown-it@npm:^14.0.0":
  version: 14.1.0
  resolution: "markdown-it@npm:14.1.0"
  dependencies:
    argparse: "npm:^2.0.1"
    entities: "npm:^4.4.0"
    linkify-it: "npm:^5.0.0"
    mdurl: "npm:^2.0.0"
    punycode.js: "npm:^2.3.1"
    uc.micro: "npm:^2.1.0"
  bin:
    markdown-it: bin/markdown-it.mjs
  checksum: 10c0/9a6bb444181d2db7016a4173ae56a95a62c84d4cbfb6916a399b11d3e6581bf1cc2e4e1d07a2f022ae72c25f56db90fbe1e529fca16fbf9541659dc53480d4b4
  languageName: node
  linkType: hard

"mdurl@npm:^2.0.0":
  version: 2.0.0
  resolution: "mdurl@npm:2.0.0"
  checksum: 10c0/633db522272f75ce4788440669137c77540d74a83e9015666a9557a152c02e245b192edc20bc90ae953bbab727503994a53b236b4d9c99bdaee594d0e7dd2ce0
  languageName: node
  linkType: hard

"minimist@npm:^1.2.6":
  version: 1.2.8
  resolution: "minimist@npm:1.2.8"
  checksum: 10c0/19d3fcdca050087b84c2029841a093691a91259a47def2f18222f41e7645a0b7c44ef4b40e88a1e58a40c84d2ef0ee6047c55594d298146d0eb3f6b737c20ce6
  languageName: node
  linkType: hard

"murmurhash-js@npm:^1.0.0":
  version: 1.0.0
  resolution: "murmurhash-js@npm:1.0.0"
  checksum: 10c0/f8569e16db0ba6f953bf88286e97cf737f1efe97b224e537c9308566ab963a067c7eca5b636fb473d6413c4cc3b79690b78ff7ab0f290e75db91c6fde0df92b4
  languageName: node
  linkType: hard

"nanoid@npm:^5.0.9":
  version: 5.1.5
  resolution: "nanoid@npm:5.1.5"
  bin:
    nanoid: bin/nanoid.js
  checksum: 10c0/e6004f1ad6c7123eeb037062c4441d44982037dc043aabb162457ef6986e99964ba98c63c975f96c547403beb0bf95bc537bd7bf9a09baf381656acdc2975c3c
  languageName: node
  linkType: hard

"orderedmap@npm:^2.0.0":
  version: 2.1.1
  resolution: "orderedmap@npm:2.1.1"
  checksum: 10c0/8d7d266659d1828937046e8b2a7b5f75914e0391db985da0ca75cd2246cccbf6d6f3a0886aa2034da15ee4923e8c45f95f8b588f575f535f0adecdefccc54634
  languageName: node
  linkType: hard

"pbf@npm:^3.2.1":
  version: 3.3.0
  resolution: "pbf@npm:3.3.0"
  dependencies:
    ieee754: "npm:^1.1.12"
    resolve-protobuf-schema: "npm:^2.1.0"
  bin:
    pbf: bin/pbf
  checksum: 10c0/79e5dc59a9391789de84b0a6d713fad0dd1e5ce6eb721536af8c9ec49feae04fdebab9f077b760bba858e615a95ac714a7d248ecb43736e904bb8396885e16d6
  languageName: node
  linkType: hard

"potpack@npm:^1.0.1":
  version: 1.0.2
  resolution: "potpack@npm:1.0.2"
  checksum: 10c0/670c23898a4257130858b960c2e654d3327c0f6a7e7091ff5846f213e65af8f9476320b995b8ad561a47a4d1c359c7ef347de57d22e7b02597051abb52bc85c4
  languageName: node
  linkType: hard

"prosemirror-changeset@npm:^2.3.0":
  version: 2.3.0
  resolution: "prosemirror-changeset@npm:2.3.0"
  dependencies:
    prosemirror-transform: "npm:^1.0.0"
  checksum: 10c0/afa5b4e6d29f3ea9d14d1d8e6fd396150a2cc21ac13f0befe9ae946a8b70d54f58907f5a2136be93d88dc2734851ed9461c6da8b47cc9ee005d37ae1fcb010a1
  languageName: node
  linkType: hard

"prosemirror-collab@npm:^1.3.1":
  version: 1.3.1
  resolution: "prosemirror-collab@npm:1.3.1"
  dependencies:
    prosemirror-state: "npm:^1.0.0"
  checksum: 10c0/5d7553c136929cfd847b8781be599561d0f21e78fae80d930eb5f1d4d644307bc779cdfaeae86dd31a8be8f562c28dee19f1a06a2900e9b591b02957151fe90c
  languageName: node
  linkType: hard

"prosemirror-commands@npm:^1.0.0, prosemirror-commands@npm:^1.6.2":
  version: 1.7.1
  resolution: "prosemirror-commands@npm:1.7.1"
  dependencies:
    prosemirror-model: "npm:^1.0.0"
    prosemirror-state: "npm:^1.0.0"
    prosemirror-transform: "npm:^1.10.2"
  checksum: 10c0/4884ea7a66b79b51e72bb2ef358284d70e9a071deb4cbfab3dd8ee3449e9a0e34cb391d92f487c013d3716b823fc5568ad5e409a9444b3630ae0b87617c2fca1
  languageName: node
  linkType: hard

"prosemirror-dropcursor@npm:^1.8.1":
  version: 1.8.2
  resolution: "prosemirror-dropcursor@npm:1.8.2"
  dependencies:
    prosemirror-state: "npm:^1.0.0"
    prosemirror-transform: "npm:^1.1.0"
    prosemirror-view: "npm:^1.1.0"
  checksum: 10c0/c3d9e456a64fecc77a6e6a0350116598550dee8cb55f74e8b66fdb26150c48340ddd1f43184134b24d0f2e710b6879ff6ec72c215dc618a6a673320a91c90478
  languageName: node
  linkType: hard

"prosemirror-gapcursor@npm:^1.3.2":
  version: 1.3.2
  resolution: "prosemirror-gapcursor@npm:1.3.2"
  dependencies:
    prosemirror-keymap: "npm:^1.0.0"
    prosemirror-model: "npm:^1.0.0"
    prosemirror-state: "npm:^1.0.0"
    prosemirror-view: "npm:^1.0.0"
  checksum: 10c0/2e3f6f17ecd02392dd567019a5c69798cc7c2f09c950b59882ae37159f92e94a193440722715052ca92ea9914b85b8b0bcf693ea9daeb5271914b846acae1f91
  languageName: node
  linkType: hard

"prosemirror-history@npm:^1.0.0, prosemirror-history@npm:^1.4.1":
  version: 1.4.1
  resolution: "prosemirror-history@npm:1.4.1"
  dependencies:
    prosemirror-state: "npm:^1.2.2"
    prosemirror-transform: "npm:^1.0.0"
    prosemirror-view: "npm:^1.31.0"
    rope-sequence: "npm:^1.3.0"
  checksum: 10c0/fd2dfae5fb956a8710bb1a4131e9b6d8b92e846bf88fa643bc59ba595c8a835f6695574d5e33bcea9a6e7fbf2eafc7c1b1003abf11326e8571e196cd0f16dcd8
  languageName: node
  linkType: hard

"prosemirror-inputrules@npm:^1.4.0":
  version: 1.5.0
  resolution: "prosemirror-inputrules@npm:1.5.0"
  dependencies:
    prosemirror-state: "npm:^1.0.0"
    prosemirror-transform: "npm:^1.0.0"
  checksum: 10c0/5d69b8b148c530ddcf5b99d448e8e8fd60c088da2de222838d2a0b63c7c92476ad09a434859e42b96291130f6fda48fa9a0824534c9b6fc6d15bb302f6359730
  languageName: node
  linkType: hard

"prosemirror-keymap@npm:^1.0.0, prosemirror-keymap@npm:^1.2.2":
  version: 1.2.3
  resolution: "prosemirror-keymap@npm:1.2.3"
  dependencies:
    prosemirror-state: "npm:^1.0.0"
    w3c-keyname: "npm:^2.2.0"
  checksum: 10c0/0ec2f8bd9b608d0e6a0cdab1d66f9a6b41edcff0239b32ccca1018a0733e52448e4758218a2d472fb8c33c1609426dc6bad4944b28c1c3d509a83201a23035e9
  languageName: node
  linkType: hard

"prosemirror-markdown@npm:^1.13.1":
  version: 1.13.2
  resolution: "prosemirror-markdown@npm:1.13.2"
  dependencies:
    "@types/markdown-it": "npm:^14.0.0"
    markdown-it: "npm:^14.0.0"
    prosemirror-model: "npm:^1.25.0"
  checksum: 10c0/53c48ef0d0d18ca0a7c39bdb18485508bfe10582f9b1d04d7114e6f6e9678a4481b318f310b19d4e95f65d947fbe6348affddcb909ad9b8c9f865cc07ceff22b
  languageName: node
  linkType: hard

"prosemirror-menu@npm:^1.2.4":
  version: 1.2.5
  resolution: "prosemirror-menu@npm:1.2.5"
  dependencies:
    crelt: "npm:^1.0.0"
    prosemirror-commands: "npm:^1.0.0"
    prosemirror-history: "npm:^1.0.0"
    prosemirror-state: "npm:^1.0.0"
  checksum: 10c0/a4da649aa3c7bfb74128da203984009b44fd48638ff76ec7b209635fafd23b05d7d5bed9520282cdcf886f73eafcfbda4e77f55d81a92db333f8807d84ded2f9
  languageName: node
  linkType: hard

"prosemirror-model@npm:^1.0.0, prosemirror-model@npm:^1.20.0, prosemirror-model@npm:^1.21.0, prosemirror-model@npm:^1.23.0, prosemirror-model@npm:^1.25.0":
  version: 1.25.1
  resolution: "prosemirror-model@npm:1.25.1"
  dependencies:
    orderedmap: "npm:^2.0.0"
  checksum: 10c0/0974fec71f1d0fcfaa5c0350864dcdbfd95092a026460bbc96208c7b8d84f86444504cb746fd558009102a7debbde32c35d9d98da97382ad729ccaeaef729131
  languageName: node
  linkType: hard

"prosemirror-schema-basic@npm:^1.2.3":
  version: 1.2.4
  resolution: "prosemirror-schema-basic@npm:1.2.4"
  dependencies:
    prosemirror-model: "npm:^1.25.0"
  checksum: 10c0/cd86f88a5eb51ab5459aa91e6824e73ec15b0f1546fee89be7826663663ef11eefaacacda5a14c43b4c8d8477fd653642418b9c7d485bb92e323f9b8e7607a78
  languageName: node
  linkType: hard

"prosemirror-schema-list@npm:^1.4.1":
  version: 1.5.1
  resolution: "prosemirror-schema-list@npm:1.5.1"
  dependencies:
    prosemirror-model: "npm:^1.0.0"
    prosemirror-state: "npm:^1.0.0"
    prosemirror-transform: "npm:^1.7.3"
  checksum: 10c0/e6fd27446bc90556a9797f6ca0cb54e7db53cc7c20fbf633b7d0f4709c45accfa2f3a0f6575fe47aa83cb75781a9b773198d236a44db9d8eef2802a1501e4301
  languageName: node
  linkType: hard

"prosemirror-state@npm:^1.0.0, prosemirror-state@npm:^1.2.2, prosemirror-state@npm:^1.4.3":
  version: 1.4.3
  resolution: "prosemirror-state@npm:1.4.3"
  dependencies:
    prosemirror-model: "npm:^1.0.0"
    prosemirror-transform: "npm:^1.0.0"
    prosemirror-view: "npm:^1.27.0"
  checksum: 10c0/e34dc9b1a6b23c23265569b2c246aaef4a61353a5fd33e933b62528917603382271d9f7d5212094e8928dee9bb4827e25a583104d43745e6ab3b8cbde12170f5
  languageName: node
  linkType: hard

"prosemirror-tables@npm:^1.6.4":
  version: 1.7.1
  resolution: "prosemirror-tables@npm:1.7.1"
  dependencies:
    prosemirror-keymap: "npm:^1.2.2"
    prosemirror-model: "npm:^1.25.0"
    prosemirror-state: "npm:^1.4.3"
    prosemirror-transform: "npm:^1.10.3"
    prosemirror-view: "npm:^1.39.1"
  checksum: 10c0/4e7f3993fe4f81582afa7845030d372acfc332c48bb04e952ed78204b3e8ee86e4f0ea7a146cbf1574c2e873b4643619ca4d88aa92f60793315c3c1e181d6812
  languageName: node
  linkType: hard

"prosemirror-trailing-node@npm:^3.0.0":
  version: 3.0.0
  resolution: "prosemirror-trailing-node@npm:3.0.0"
  dependencies:
    "@remirror/core-constants": "npm:3.0.0"
    escape-string-regexp: "npm:^4.0.0"
  peerDependencies:
    prosemirror-model: ^1.22.1
    prosemirror-state: ^1.4.2
    prosemirror-view: ^1.33.8
  checksum: 10c0/d512054543a872c667bcd661f207c54a38287a8e62a2ff4aa87d65aefbad0bf3a6315cc7531d9c63cc7a7ef93504966b6c9496af90287a710914688feba72454
  languageName: node
  linkType: hard

"prosemirror-transform@npm:^1.0.0, prosemirror-transform@npm:^1.1.0, prosemirror-transform@npm:^1.10.2, prosemirror-transform@npm:^1.10.3, prosemirror-transform@npm:^1.7.3":
  version: 1.10.4
  resolution: "prosemirror-transform@npm:1.10.4"
  dependencies:
    prosemirror-model: "npm:^1.21.0"
  checksum: 10c0/01a7b79d8e2bf61b3414f60f8790a19f2cebb85a2050f64594cbff54f62d5c5f56160a66bbfa089462239189b4667952ede738e68b9e154a3505845720230a1c
  languageName: node
  linkType: hard

"prosemirror-view@npm:^1.0.0, prosemirror-view@npm:^1.1.0, prosemirror-view@npm:^1.27.0, prosemirror-view@npm:^1.31.0, prosemirror-view@npm:^1.37.0, prosemirror-view@npm:^1.39.1":
  version: 1.39.2
  resolution: "prosemirror-view@npm:1.39.2"
  dependencies:
    prosemirror-model: "npm:^1.20.0"
    prosemirror-state: "npm:^1.0.0"
    prosemirror-transform: "npm:^1.1.0"
  checksum: 10c0/b175284082a3ab1be223ba1860931d094f996c0eabf046a78271fc8136c4e9b63de2c9a51c09a1fe73a9618d269402e30a611d260f153fba595fe465f0a94cee
  languageName: node
  linkType: hard

"protocol-buffers-schema@npm:^3.3.1":
  version: 3.6.0
  resolution: "protocol-buffers-schema@npm:3.6.0"
  checksum: 10c0/23a08612e5cc903f917ae3b680216ccaf2d889c61daa68d224237f455182fa96fff16872ac94b1954b5dd26fc7e8ce7e9360c54d54ea26218d107b2f059fca37
  languageName: node
  linkType: hard

"punycode.js@npm:^2.3.1":
  version: 2.3.1
  resolution: "punycode.js@npm:2.3.1"
  checksum: 10c0/1d12c1c0e06127fa5db56bd7fdf698daf9a78104456a6b67326877afc21feaa821257b171539caedd2f0524027fa38e67b13dd094159c8d70b6d26d2bea4dfdb
  languageName: node
  linkType: hard

"quickselect@npm:^2.0.0":
  version: 2.0.0
  resolution: "quickselect@npm:2.0.0"
  checksum: 10c0/6c8d591bc73beae4c1996b7b7138233a7dbbbdde29b7b6d822a02d08cd220fd27613f47d6e9635989b12e250d42ef9da3448de1ed12ad962974e207ab3c3562c
  languageName: node
  linkType: hard

"resolve-protobuf-schema@npm:^2.1.0":
  version: 2.1.0
  resolution: "resolve-protobuf-schema@npm:2.1.0"
  dependencies:
    protocol-buffers-schema: "npm:^3.3.1"
  checksum: 10c0/8e656b9072b1c001952f851251413bc79d8c771c3015f607b75e1ca3b8bd7c4396068dd19cdbb3019affa03f6457d2c0fd38d981ffd714215cd2e7c2b67221a7
  languageName: node
  linkType: hard

"root-workspace-0b6124@workspace:.":
  version: 0.0.0-use.local
  resolution: "root-workspace-0b6124@workspace:."
  dependencies:
    "@mapbox/mapbox-gl-draw": "npm:^1.4.2"
    "@tiptap/pm": "npm:^2.12.0"
    i18next: "npm:^23.11.5"
    mapbox-gl: "npm:^1.13.3"
    typescript: "npm:5.4.5"
  languageName: unknown
  linkType: soft

"rope-sequence@npm:^1.3.0":
  version: 1.3.4
  resolution: "rope-sequence@npm:1.3.4"
  checksum: 10c0/caa90be3d7a7cad155fb354a4679a1280dc9819c81bd319542a0d893a64e152284abb9cc1631d4351b328016a8d6c35a48c912234edfaf5173daef44b2e3609b
  languageName: node
  linkType: hard

"rw@npm:^1.3.3":
  version: 1.3.3
  resolution: "rw@npm:1.3.3"
  checksum: 10c0/b1e1ef37d1e79d9dc7050787866e30b6ddcb2625149276045c262c6b4d53075ddc35f387a856a8e76f0d0df59f4cd58fe24707e40797ebee66e542b840ed6a53
  languageName: node
  linkType: hard

"supercluster@npm:^7.1.0":
  version: 7.1.5
  resolution: "supercluster@npm:7.1.5"
  dependencies:
    kdbush: "npm:^3.0.0"
  checksum: 10c0/bbebf45927d0019831731c94b78d1c9a1f3e2da0be9875d7ea75c6f261487e0f15d3f1822a9a49256e3c1672bdfb9138f9a5e44e2de99edb06cd1e758083e12d
  languageName: node
  linkType: hard

"tinyqueue@npm:^2.0.3":
  version: 2.0.3
  resolution: "tinyqueue@npm:2.0.3"
  checksum: 10c0/d7b590088f015a94a17132fa209c2f2a80c45158259af5474901fdf5932e95ea13ff6f034bcc725a6d5f66d3e5b888b048c310229beb25ad5bebb4f0a635abf2
  languageName: node
  linkType: hard

"typescript@npm:5.4.5":
  version: 5.4.5
  resolution: "typescript@npm:5.4.5"
  bin:
    tsc: bin/tsc
    tsserver: bin/tsserver
  checksum: 10c0/2954022ada340fd3d6a9e2b8e534f65d57c92d5f3989a263754a78aba549f7e6529acc1921913560a4b816c46dce7df4a4d29f9f11a3dc0d4213bb76d043251e
  languageName: node
  linkType: hard

"typescript@patch:typescript@npm%3A5.4.5#optional!builtin<compat/typescript>":
  version: 5.4.5
  resolution: "typescript@patch:typescript@npm%3A5.4.5#optional!builtin<compat/typescript>::version=5.4.5&hash=5adc0c"
  bin:
    tsc: bin/tsc
    tsserver: bin/tsserver
  checksum: 10c0/db2ad2a16ca829f50427eeb1da155e7a45e598eec7b086d8b4e8ba44e5a235f758e606d681c66992230d3fc3b8995865e5fd0b22a2c95486d0b3200f83072ec9
  languageName: node
  linkType: hard

"uc.micro@npm:^2.0.0, uc.micro@npm:^2.1.0":
  version: 2.1.0
  resolution: "uc.micro@npm:2.1.0"
  checksum: 10c0/8862eddb412dda76f15db8ad1c640ccc2f47cdf8252a4a30be908d535602c8d33f9855dfcccb8b8837855c1ce1eaa563f7fa7ebe3c98fd0794351aab9b9c55fa
  languageName: node
  linkType: hard

"vt-pbf@npm:^3.1.1":
  version: 3.1.3
  resolution: "vt-pbf@npm:3.1.3"
  dependencies:
    "@mapbox/point-geometry": "npm:0.1.0"
    "@mapbox/vector-tile": "npm:^1.3.1"
    pbf: "npm:^3.2.1"
  checksum: 10c0/a568801ae25f0ffe65ef697bf520c996c8a4067f73f355c0d5815238de90322c8ca207c61220206141cfe6f5b525de875b7eb26e22979a1b768b96d03b93dca7
  languageName: node
  linkType: hard

"w3c-keyname@npm:^2.2.0":
  version: 2.2.8
  resolution: "w3c-keyname@npm:2.2.8"
  checksum: 10c0/37cf335c90efff31672ebb345577d681e2177f7ff9006a9ad47c68c5a9d265ba4a7b39d6c2599ceea639ca9315584ce4bd9c9fbf7a7217bfb7a599e71943c4c4
  languageName: node
  linkType: hard

"wgs84@npm:0.0.0":
  version: 0.0.0
  resolution: "wgs84@npm:0.0.0"
  checksum: 10c0/4f4094c7149fbb50e89ab415aeb2db565c66746be18702ea82ab75c6e6e2a58b552d0898f4b8d6a16bf5824a14917577e46e04a8b20fbf9f09f06d755d381c0b
  languageName: node
  linkType: hard
